
Microsoft Visual Studio Solution File, Format Version 12.00
# Visual Studio Version 17
VisualStudioVersion = 17.5.33516.290
MinimumVisualStudioVersion = 10.0.40219.1
Project("{2150E333-8FDC-42A3-9474-1A3956D46DE8}") = "src", "src", "{EA21FE46-8E3A-4DDC-8D98-658605100D69}"
EndProject
Project("{2150E333-8FDC-42A3-9474-1A3956D46DE8}") = "APIGateways", "APIGateways", "{5C2FE3F2-D4EA-4A97-BF99-482D50FBF919}"
EndProject
Project("{2150E333-8FDC-42A3-9474-1A3956D46DE8}") = "BuildingBlocks", "BuildingBlocks", "{44F1456B-0196-4F9C-BB2C-AFE7E87D97F8}"
EndProject
Project("{2150E333-8FDC-42A3-9474-1A3956D46DE8}") = "DockerComposes", "DockerComposes", "{8C0DD99F-5C6E-4828-BA11-999D4F39628F}"
	ProjectSection(SolutionItems) = preProject
		docker-compose.consul.yaml = docker-compose.consul.yaml
		docker-compose.mongo.yaml = docker-compose.mongo.yaml
		docker-compose.rabbitmq.yaml = docker-compose.rabbitmq.yaml
		docker-compose.seq.yaml = docker-compose.seq.yaml
		docker-compose.sql.yaml = docker-compose.sql.yaml
	EndProjectSection
EndProject
Project("{2150E333-8FDC-42A3-9474-1A3956D46DE8}") = "Services", "Services", "{D1B44267-84CF-4E50-86BA-894C569FAB99}"
EndProject
Project("{2150E333-8FDC-42A3-9474-1A3956D46DE8}") = "CommonService", "CommonService", "{324B5553-71B3-46A3-B7B0-C665446A0EC1}"
EndProject
Project("{9A19103F-16F7-4668-BE54-9A1E7A4F7556}") = "CommonService.API", "src\Services\CommonService\CommonService.API\CommonService.API.csproj", "{3E42EE2F-C331-49FB-8756-09BEA51352DA}"
EndProject
Project("{2150E333-8FDC-42A3-9474-1A3956D46DE8}") = "OrderService", "OrderService", "{B461E330-F05F-427D-9C8D-8EB690B1D33B}"
EndProject
Project("{2150E333-8FDC-42A3-9474-1A3956D46DE8}") = "ProductService", "ProductService", "{6C392410-3DBB-4361-BCC5-2059A6DDE93C}"
EndProject
Project("{2150E333-8FDC-42A3-9474-1A3956D46DE8}") = "SourcingService", "SourcingService", "{6FB6D73E-F82E-42BD-ADCB-D36D448C701E}"
EndProject
Project("{9A19103F-16F7-4668-BE54-9A1E7A4F7556}") = "ProductService.API", "src\Services\ProductService\ProductService.API\ProductService.API.csproj", "{201F4832-C509-4A77-BC32-818129184FB2}"
EndProject
Project("{9A19103F-16F7-4668-BE54-9A1E7A4F7556}") = "ProductService.Domain", "src\Services\ProductService\ProductService.Domain\ProductService.Domain.csproj", "{F7F107AA-E5C7-4E36-A98A-E0EDE652D8FC}"
EndProject
Project("{9A19103F-16F7-4668-BE54-9A1E7A4F7556}") = "ProductService.Application", "src\Services\ProductService\ProductService.Application\ProductService.Application.csproj", "{47A719BD-4B4A-4EBE-BD34-2751E01D27D5}"
EndProject
Project("{9A19103F-16F7-4668-BE54-9A1E7A4F7556}") = "ProductService.Infrustructure", "src\Services\ProductService\ProductService.Infrustructure\ProductService.Infrustructure.csproj", "{0C8F52BE-310F-4948-9545-B3A7F57C7566}"
EndProject
Project("{9A19103F-16F7-4668-BE54-9A1E7A4F7556}") = "OrderService.API", "src\Services\OrderService\OrderService.API\OrderService.API.csproj", "{10CBDF1F-C3D4-4789-8D24-24804F76D219}"
EndProject
Project("{9A19103F-16F7-4668-BE54-9A1E7A4F7556}") = "SourcingService.API", "src\Services\SourcingService\SourcingService.API\SourcingService.API.csproj", "{84BDA0DE-9914-44AF-A298-4BBE1AC42223}"
EndProject
Project("{9A19103F-16F7-4668-BE54-9A1E7A4F7556}") = "SourcingService.Application", "src\Services\SourcingService\SourcingService.Application\SourcingService.Application.csproj", "{5B079A13-6391-4970-AA6B-D5AA1A1DECB4}"
EndProject
Project("{9A19103F-16F7-4668-BE54-9A1E7A4F7556}") = "SourcingService.Domain", "src\Services\SourcingService\SourcingService.Domain\SourcingService.Domain.csproj", "{A2CC98BC-DF57-4E0D-B35A-E49EDB1C702A}"
EndProject
Project("{9A19103F-16F7-4668-BE54-9A1E7A4F7556}") = "SourcingService.Infrastructure", "src\Services\SourcingService\SourcingService.Infrastructure\SourcingService.Infrastructure.csproj", "{B115D5B6-C57A-4C2B-B2F0-43FC8C08CF93}"
EndProject
Project("{9A19103F-16F7-4668-BE54-9A1E7A4F7556}") = "EventBus", "src\BuildingBlocks\EventBus\EventBus.csproj", "{0924BD8E-0B21-4083-AD5C-83B9961A12BB}"
EndProject
Project("{9A19103F-16F7-4668-BE54-9A1E7A4F7556}") = "OrderService.Domain", "src\Services\OrderService\OrderService.Domain\OrderService.Domain.csproj", "{3395B789-DFC2-449E-9E78-DCEB57183149}"
EndProject
Project("{9A19103F-16F7-4668-BE54-9A1E7A4F7556}") = "OrderService.Application", "src\Services\OrderService\OrderService.Application\OrderService.Application.csproj", "{46CAE803-5198-43F7-906B-B00C86560DE4}"
EndProject
Project("{9A19103F-16F7-4668-BE54-9A1E7A4F7556}") = "OrderService.Infrastructure", "src\Services\OrderService\OrderService.Infrastructure\OrderService.Infrastructure.csproj", "{F1EAF33D-05A3-4026-B3AF-3592938589B8}"
EndProject
Project("{2150E333-8FDC-42A3-9474-1A3956D46DE8}") = "WebAPIGateway", "WebAPIGateway", "{AB9F41EA-BD21-483E-9607-1B258A5D9465}"
EndProject
Project("{FAE04EC0-301F-11D3-BF4B-00C04F79EFBC}") = "Web.APIGateway", "src\APIGateways\WebAPIGateway\Web.APIGateway\Web.APIGateway.csproj", "{2B23289B-EC77-469F-B3BD-84BEF5FF8C04}"
EndProject
Project("{2150E333-8FDC-42A3-9474-1A3956D46DE8}") = "WebApp", "WebApp", "{60B30CB3-DBAB-41DE-9525-C0166D96C709}"
EndProject
Project("{FAE04EC0-301F-11D3-BF4B-00C04F79EFBC}") = "Esourcing.UI", "src\WebApp\Esourcing.UI\Esourcing.UI.csproj", "{26089274-6A58-4BB4-85DA-78D8FAC2E5D3}"
EndProject
Project("{FAE04EC0-301F-11D3-BF4B-00C04F79EFBC}") = "ESourcing.Core", "src\WebApp\ESourcing.Core\ESourcing.Core.csproj", "{0D743CC9-118A-479C-BD39-3FED4A6746EE}"
EndProject
Project("{FAE04EC0-301F-11D3-BF4B-00C04F79EFBC}") = "ESourcing.Infrastructure", "src\WebApp\ESourcing.Infrastructure\ESourcing.Infrastructure.csproj", "{46CC4362-3F70-4016-8FD7-24D099E529A8}"
EndProject
Global
	GlobalSection(SolutionConfigurationPlatforms) = preSolution
		Debug|Any CPU = Debug|Any CPU
		Release|Any CPU = Release|Any CPU
	EndGlobalSection
	GlobalSection(ProjectConfigurationPlatforms) = postSolution
		{3E42EE2F-C331-49FB-8756-09BEA51352DA}.Debug|Any CPU.ActiveCfg = Debug|Any CPU
		{3E42EE2F-C331-49FB-8756-09BEA51352DA}.Debug|Any CPU.Build.0 = Debug|Any CPU
		{3E42EE2F-C331-49FB-8756-09BEA51352DA}.Release|Any CPU.ActiveCfg = Release|Any CPU
		{3E42EE2F-C331-49FB-8756-09BEA51352DA}.Release|Any CPU.Build.0 = Release|Any CPU
		{201F4832-C509-4A77-BC32-818129184FB2}.Debug|Any CPU.ActiveCfg = Debug|Any CPU
		{201F4832-C509-4A77-BC32-818129184FB2}.Debug|Any CPU.Build.0 = Debug|Any CPU
		{201F4832-C509-4A77-BC32-818129184FB2}.Release|Any CPU.ActiveCfg = Release|Any CPU
		{201F4832-C509-4A77-BC32-818129184FB2}.Release|Any CPU.Build.0 = Release|Any CPU
		{F7F107AA-E5C7-4E36-A98A-E0EDE652D8FC}.Debug|Any CPU.ActiveCfg = Debug|Any CPU
		{F7F107AA-E5C7-4E36-A98A-E0EDE652D8FC}.Debug|Any CPU.Build.0 = Debug|Any CPU
		{F7F107AA-E5C7-4E36-A98A-E0EDE652D8FC}.Release|Any CPU.ActiveCfg = Release|Any CPU
		{F7F107AA-E5C7-4E36-A98A-E0EDE652D8FC}.Release|Any CPU.Build.0 = Release|Any CPU
		{47A719BD-4B4A-4EBE-BD34-2751E01D27D5}.Debug|Any CPU.ActiveCfg = Debug|Any CPU
		{47A719BD-4B4A-4EBE-BD34-2751E01D27D5}.Debug|Any CPU.Build.0 = Debug|Any CPU
		{47A719BD-4B4A-4EBE-BD34-2751E01D27D5}.Release|Any CPU.ActiveCfg = Release|Any CPU
		{47A719BD-4B4A-4EBE-BD34-2751E01D27D5}.Release|Any CPU.Build.0 = Release|Any CPU
		{0C8F52BE-310F-4948-9545-B3A7F57C7566}.Debug|Any CPU.ActiveCfg = Debug|Any CPU
		{0C8F52BE-310F-4948-9545-B3A7F57C7566}.Debug|Any CPU.Build.0 = Debug|Any CPU
		{0C8F52BE-310F-4948-9545-B3A7F57C7566}.Release|Any CPU.ActiveCfg = Release|Any CPU
		{0C8F52BE-310F-4948-9545-B3A7F57C7566}.Release|Any CPU.Build.0 = Release|Any CPU
		{10CBDF1F-C3D4-4789-8D24-24804F76D219}.Debug|Any CPU.ActiveCfg = Debug|Any CPU
		{10CBDF1F-C3D4-4789-8D24-24804F76D219}.Debug|Any CPU.Build.0 = Debug|Any CPU
		{10CBDF1F-C3D4-4789-8D24-24804F76D219}.Release|Any CPU.ActiveCfg = Release|Any CPU
		{10CBDF1F-C3D4-4789-8D24-24804F76D219}.Release|Any CPU.Build.0 = Release|Any CPU
		{84BDA0DE-9914-44AF-A298-4BBE1AC42223}.Debug|Any CPU.ActiveCfg = Debug|Any CPU
		{84BDA0DE-9914-44AF-A298-4BBE1AC42223}.Debug|Any CPU.Build.0 = Debug|Any CPU
		{84BDA0DE-9914-44AF-A298-4BBE1AC42223}.Release|Any CPU.ActiveCfg = Release|Any CPU
		{84BDA0DE-9914-44AF-A298-4BBE1AC42223}.Release|Any CPU.Build.0 = Release|Any CPU
		{5B079A13-6391-4970-AA6B-D5AA1A1DECB4}.Debug|Any CPU.ActiveCfg = Debug|Any CPU
		{5B079A13-6391-4970-AA6B-D5AA1A1DECB4}.Debug|Any CPU.Build.0 = Debug|Any CPU
		{5B079A13-6391-4970-AA6B-D5AA1A1DECB4}.Release|Any CPU.ActiveCfg = Release|Any CPU
		{5B079A13-6391-4970-AA6B-D5AA1A1DECB4}.Release|Any CPU.Build.0 = Release|Any CPU
		{A2CC98BC-DF57-4E0D-B35A-E49EDB1C702A}.Debug|Any CPU.ActiveCfg = Debug|Any CPU
		{A2CC98BC-DF57-4E0D-B35A-E49EDB1C702A}.Debug|Any CPU.Build.0 = Debug|Any CPU
		{A2CC98BC-DF57-4E0D-B35A-E49EDB1C702A}.Release|Any CPU.ActiveCfg = Release|Any CPU
		{A2CC98BC-DF57-4E0D-B35A-E49EDB1C702A}.Release|Any CPU.Build.0 = Release|Any CPU
		{B115D5B6-C57A-4C2B-B2F0-43FC8C08CF93}.Debug|Any CPU.ActiveCfg = Debug|Any CPU
		{B115D5B6-C57A-4C2B-B2F0-43FC8C08CF93}.Debug|Any CPU.Build.0 = Debug|Any CPU
		{B115D5B6-C57A-4C2B-B2F0-43FC8C08CF93}.Release|Any CPU.ActiveCfg = Release|Any CPU
		{B115D5B6-C57A-4C2B-B2F0-43FC8C08CF93}.Release|Any CPU.Build.0 = Release|Any CPU
		{0924BD8E-0B21-4083-AD5C-83B9961A12BB}.Debug|Any CPU.ActiveCfg = Debug|Any CPU
		{0924BD8E-0B21-4083-AD5C-83B9961A12BB}.Debug|Any CPU.Build.0 = Debug|Any CPU
		{0924BD8E-0B21-4083-AD5C-83B9961A12BB}.Release|Any CPU.ActiveCfg = Release|Any CPU
		{0924BD8E-0B21-4083-AD5C-83B9961A12BB}.Release|Any CPU.Build.0 = Release|Any CPU
		{3395B789-DFC2-449E-9E78-DCEB57183149}.Debug|Any CPU.ActiveCfg = Debug|Any CPU
		{3395B789-DFC2-449E-9E78-DCEB57183149}.Debug|Any CPU.Build.0 = Debug|Any CPU
		{3395B789-DFC2-449E-9E78-DCEB57183149}.Release|Any CPU.ActiveCfg = Release|Any CPU
		{3395B789-DFC2-449E-9E78-DCEB57183149}.Release|Any CPU.Build.0 = Release|Any CPU
		{46CAE803-5198-43F7-906B-B00C86560DE4}.Debug|Any CPU.ActiveCfg = Debug|Any CPU
		{46CAE803-5198-43F7-906B-B00C86560DE4}.Debug|Any CPU.Build.0 = Debug|Any CPU
		{46CAE803-5198-43F7-906B-B00C86560DE4}.Release|Any CPU.ActiveCfg = Release|Any CPU
		{46CAE803-5198-43F7-906B-B00C86560DE4}.Release|Any CPU.Build.0 = Release|Any CPU
		{F1EAF33D-05A3-4026-B3AF-3592938589B8}.Debug|Any CPU.ActiveCfg = Debug|Any CPU
		{F1EAF33D-05A3-4026-B3AF-3592938589B8}.Debug|Any CPU.Build.0 = Debug|Any CPU
		{F1EAF33D-05A3-4026-B3AF-3592938589B8}.Release|Any CPU.ActiveCfg = Release|Any CPU
		{F1EAF33D-05A3-4026-B3AF-3592938589B8}.Release|Any CPU.Build.0 = Release|Any CPU
		{2B23289B-EC77-469F-B3BD-84BEF5FF8C04}.Debug|Any CPU.ActiveCfg = Debug|Any CPU
		{2B23289B-EC77-469F-B3BD-84BEF5FF8C04}.Debug|Any CPU.Build.0 = Debug|Any CPU
		{2B23289B-EC77-469F-B3BD-84BEF5FF8C04}.Release|Any CPU.ActiveCfg = Release|Any CPU
		{2B23289B-EC77-469F-B3BD-84BEF5FF8C04}.Release|Any CPU.Build.0 = Release|Any CPU
		{26089274-6A58-4BB4-85DA-78D8FAC2E5D3}.Debug|Any CPU.ActiveCfg = Debug|Any CPU
		{26089274-6A58-4BB4-85DA-78D8FAC2E5D3}.Debug|Any CPU.Build.0 = Debug|Any CPU
		{26089274-6A58-4BB4-85DA-78D8FAC2E5D3}.Release|Any CPU.ActiveCfg = Release|Any CPU
		{26089274-6A58-4BB4-85DA-78D8FAC2E5D3}.Release|Any CPU.Build.0 = Release|Any CPU
		{0D743CC9-118A-479C-BD39-3FED4A6746EE}.Debug|Any CPU.ActiveCfg = Debug|Any CPU
		{0D743CC9-118A-479C-BD39-3FED4A6746EE}.Debug|Any CPU.Build.0 = Debug|Any CPU
		{0D743CC9-118A-479C-BD39-3FED4A6746EE}.Release|Any CPU.ActiveCfg = Release|Any CPU
		{0D743CC9-118A-479C-BD39-3FED4A6746EE}.Release|Any CPU.Build.0 = Release|Any CPU
		{46CC4362-3F70-4016-8FD7-24D099E529A8}.Debug|Any CPU.ActiveCfg = Debug|Any CPU
		{46CC4362-3F70-4016-8FD7-24D099E529A8}.Debug|Any CPU.Build.0 = Debug|Any CPU
		{46CC4362-3F70-4016-8FD7-24D099E529A8}.Release|Any CPU.ActiveCfg = Release|Any CPU
		{46CC4362-3F70-4016-8FD7-24D099E529A8}.Release|Any CPU.Build.0 = Release|Any CPU
	EndGlobalSection
	GlobalSection(SolutionProperties) = preSolution
		HideSolutionNode = FALSE
	EndGlobalSection
	GlobalSection(NestedProjects) = preSolution
		{5C2FE3F2-D4EA-4A97-BF99-482D50FBF919} = {EA21FE46-8E3A-4DDC-8D98-658605100D69}
		{44F1456B-0196-4F9C-BB2C-AFE7E87D97F8} = {EA21FE46-8E3A-4DDC-8D98-658605100D69}
		{8C0DD99F-5C6E-4828-BA11-999D4F39628F} = {EA21FE46-8E3A-4DDC-8D98-658605100D69}
		{D1B44267-84CF-4E50-86BA-894C569FAB99} = {EA21FE46-8E3A-4DDC-8D98-658605100D69}
		{324B5553-71B3-46A3-B7B0-C665446A0EC1} = {D1B44267-84CF-4E50-86BA-894C569FAB99}
		{3E42EE2F-C331-49FB-8756-09BEA51352DA} = {324B5553-71B3-46A3-B7B0-C665446A0EC1}
		{B461E330-F05F-427D-9C8D-8EB690B1D33B} = {D1B44267-84CF-4E50-86BA-894C569FAB99}
		{6C392410-3DBB-4361-BCC5-2059A6DDE93C} = {D1B44267-84CF-4E50-86BA-894C569FAB99}
		{6FB6D73E-F82E-42BD-ADCB-D36D448C701E} = {D1B44267-84CF-4E50-86BA-894C569FAB99}
		{201F4832-C509-4A77-BC32-818129184FB2} = {6C392410-3DBB-4361-BCC5-2059A6DDE93C}
		{F7F107AA-E5C7-4E36-A98A-E0EDE652D8FC} = {6C392410-3DBB-4361-BCC5-2059A6DDE93C}
		{47A719BD-4B4A-4EBE-BD34-2751E01D27D5} = {6C392410-3DBB-4361-BCC5-2059A6DDE93C}
		{0C8F52BE-310F-4948-9545-B3A7F57C7566} = {6C392410-3DBB-4361-BCC5-2059A6DDE93C}
		{10CBDF1F-C3D4-4789-8D24-24804F76D219} = {B461E330-F05F-427D-9C8D-8EB690B1D33B}
		{84BDA0DE-9914-44AF-A298-4BBE1AC42223} = {6FB6D73E-F82E-42BD-ADCB-D36D448C701E}
		{5B079A13-6391-4970-AA6B-D5AA1A1DECB4} = {6FB6D73E-F82E-42BD-ADCB-D36D448C701E}
		{A2CC98BC-DF57-4E0D-B35A-E49EDB1C702A} = {6FB6D73E-F82E-42BD-ADCB-D36D448C701E}
		{B115D5B6-C57A-4C2B-B2F0-43FC8C08CF93} = {6FB6D73E-F82E-42BD-ADCB-D36D448C701E}
		{0924BD8E-0B21-4083-AD5C-83B9961A12BB} = {44F1456B-0196-4F9C-BB2C-AFE7E87D97F8}
		{3395B789-DFC2-449E-9E78-DCEB57183149} = {B461E330-F05F-427D-9C8D-8EB690B1D33B}
		{46CAE803-5198-43F7-906B-B00C86560DE4} = {B461E330-F05F-427D-9C8D-8EB690B1D33B}
		{F1EAF33D-05A3-4026-B3AF-3592938589B8} = {B461E330-F05F-427D-9C8D-8EB690B1D33B}
		{AB9F41EA-BD21-483E-9607-1B258A5D9465} = {5C2FE3F2-D4EA-4A97-BF99-482D50FBF919}
		{2B23289B-EC77-469F-B3BD-84BEF5FF8C04} = {AB9F41EA-BD21-483E-9607-1B258A5D9465}
		{60B30CB3-DBAB-41DE-9525-C0166D96C709} = {EA21FE46-8E3A-4DDC-8D98-658605100D69}
		{26089274-6A58-4BB4-85DA-78D8FAC2E5D3} = {60B30CB3-DBAB-41DE-9525-C0166D96C709}
		{0D743CC9-118A-479C-BD39-3FED4A6746EE} = {60B30CB3-DBAB-41DE-9525-C0166D96C709}
		{46CC4362-3F70-4016-8FD7-24D099E529A8} = {60B30CB3-DBAB-41DE-9525-C0166D96C709}
	EndGlobalSection
	GlobalSection(ExtensibilityGlobals) = postSolution
		SolutionGuid = {492D92F2-D863-4859-A292-2B5EF9F17378}
	EndGlobalSection
EndGlobal
